{
  "name": "any",
  "version": "0.0.1",
  "lockfileVersion": 1,
  "requires": true,
  "dependencies": {
    "@ionic/core": {
      "version": "4.7.4",
      "resolved": "https://registry.npmjs.org/@ionic/core/-/core-4.7.4.tgz",
      "integrity": "sha512-zvRN5zGhecZnT1jxi0ZG9Lq1kQG89RBrRaizM+pvHH984o7ywcPLQfbRme8G8hBvzK/WU1g1BEt9Hq6qIvG0ug==",
      "requires": {
        "ionicons": "^4.6.2",
        "tslib": "^1.10.0"
      }
    },
    "@stencil/core": {
      "version": "1.2.5",
      "resolved": "https://registry.npmjs.org/@stencil/core/-/core-1.2.5.tgz",
      "integrity": "sha512-4cnilHldBjB+QcVLgYWhsqXLyapFZ+EfPkmTcRLKNNFlNk7iCZFtxG2uh6/oCzx2CG+3Q3YPKbBaIYs5M/5l/g==",
      "dev": true,
      "requires": {
        "typescript": "3.5.3"
      }
    },
    "@types/lokijs": {
      "version": "1.5.2",
      "resolved": "https://registry.npmjs.org/@types/lokijs/-/lokijs-1.5.2.tgz",
      "integrity": "sha512-ZF14v1P1Bjbw8VJRu+p4WS9V926CAOjWF4yq23QmSBWRPe0/GXlUKzSxjP1fi/xi8nrq6zr9ECo8Z/8KsRqroQ==",
      "dev": true
    },
    "ionicons": {
      "version": "4.6.2",
      "resolved": "https://registry.npmjs.org/ionicons/-/ionicons-4.6.2.tgz",
      "integrity": "sha512-OGQO/GCKFwHh5lX9wYzgfLjuj2rnQavixVgK3iv8nm7tcgYQVHw7MNNwNHY4H97ZlKiVx3qj4X5Txv9fx95oBw=="
    },
    "lokijs": {
      "version": "1.5.7",
      "resolved": "https://registry.npmjs.org/lokijs/-/lokijs-1.5.7.tgz",
      "integrity": "sha512-2SqUV6JH4f15Z5/7LVsyadSUwHhZppxhujgy/VhVqiRYMGt5oaocb7fV/3JGjHJ6rTuEIajnpTLGRz9cJW/c3g=="
    },
    "tslib": {
      "version": "1.10.0",
      "resolved": "https://registry.npmjs.org/tslib/-/tslib-1.10.0.tgz",
      "integrity": "sha512-qOebF53frne81cf0S9B41ByenJ3/IuH8yJKngAX35CmiZySA0khhkovshKK+jGCaMnVomla7gVlIcc3EvKPbTQ=="
    },
    "typescript": {
      "version": "3.5.3",
      "resolved": "https://registry.npmjs.org/typescript/-/typescript-3.5.3.tgz",
      "integrity": "sha512-ACzBtm/PhXBDId6a6sDJfroT2pOWt/oOnk4/dElG5G33ZL776N3Y6/6bKZJBFpd+b05F3Ct9qDjMeJmRWtE2/g==",
      "dev": true
    }
  }
}
